
Microsoft Visual Studio Solution File, Format Version 12.00
# Visual Studio Version 17
VisualStudioVersion = 17.0.31903.59
MinimumVisualStudioVersion = 10.0.40219.1
Project("{FAE04EC0-301F-11D3-BF4B-00C04F79EFBC}") = "CRUDExample", "CRUDExample\CRUDExample.csproj", "{81D59644-6EB3-40AD-A5B2-CC4420FDC8CA}"
EndProject
Project("{FAE04EC0-301F-11D3-BF4B-00C04F79EFBC}") = "CRUDTests", "CRUDTests\CRUDTests.csproj", "{A037CFE7-DB5A-4560-A92F-118B184CC074}"
EndProject
Project("{FAE04EC0-301F-11D3-BF4B-00C04F79EFBC}") = "Entities", "Entities\Entities.csproj", "{288C2BB8-947A-4F8E-BF32-91DFF2339048}"
EndProject
Project("{FAE04EC0-301F-11D3-BF4B-00C04F79EFBC}") = "ServiceContracts", "ServiceContracts\ServiceContracts.csproj", "{BEAB0126-2E75-41CB-89BE-ADCF0149F554}"
EndProject
Project("{FAE04EC0-301F-11D3-BF4B-00C04F79EFBC}") = "Services", "Services\Services.csproj", "{2F4CCA2C-7F75-450B-9A9E-63B9A789BC49}"
EndProject
Global
	GlobalSection(SolutionConfigurationPlatforms) = preSolution
		Debug|Any CPU = Debug|Any CPU
		Release|Any CPU = Release|Any CPU
	EndGlobalSection
	GlobalSection(SolutionProperties) = preSolution
		HideSolutionNode = FALSE
	EndGlobalSection
	GlobalSection(ProjectConfigurationPlatforms) = postSolution
		{81D59644-6EB3-40AD-A5B2-CC4420FDC8CA}.Debug|Any CPU.ActiveCfg = Debug|Any CPU
		{81D59644-6EB3-40AD-A5B2-CC4420FDC8CA}.Debug|Any CPU.Build.0 = Debug|Any CPU
		{81D59644-6EB3-40AD-A5B2-CC4420FDC8CA}.Release|Any CPU.ActiveCfg = Release|Any CPU
		{81D59644-6EB3-40AD-A5B2-CC4420FDC8CA}.Release|Any CPU.Build.0 = Release|Any CPU
		{A037CFE7-DB5A-4560-A92F-118B184CC074}.Debug|Any CPU.ActiveCfg = Debug|Any CPU
		{A037CFE7-DB5A-4560-A92F-118B184CC074}.Debug|Any CPU.Build.0 = Debug|Any CPU
		{A037CFE7-DB5A-4560-A92F-118B184CC074}.Release|Any CPU.ActiveCfg = Release|Any CPU
		{A037CFE7-DB5A-4560-A92F-118B184CC074}.Release|Any CPU.Build.0 = Release|Any CPU
		{288C2BB8-947A-4F8E-BF32-91DFF2339048}.Debug|Any CPU.ActiveCfg = Debug|Any CPU
		{288C2BB8-947A-4F8E-BF32-91DFF2339048}.Debug|Any CPU.Build.0 = Debug|Any CPU
		{288C2BB8-947A-4F8E-BF32-91DFF2339048}.Release|Any CPU.ActiveCfg = Release|Any CPU
		{288C2BB8-947A-4F8E-BF32-91DFF2339048}.Release|Any CPU.Build.0 = Release|Any CPU
		{BEAB0126-2E75-41CB-89BE-ADCF0149F554}.Debug|Any CPU.ActiveCfg = Debug|Any CPU
		{BEAB0126-2E75-41CB-89BE-ADCF0149F554}.Debug|Any CPU.Build.0 = Debug|Any CPU
		{BEAB0126-2E75-41CB-89BE-ADCF0149F554}.Release|Any CPU.ActiveCfg = Release|Any CPU
		{BEAB0126-2E75-41CB-89BE-ADCF0149F554}.Release|Any CPU.Build.0 = Release|Any CPU
		{2F4CCA2C-7F75-450B-9A9E-63B9A789BC49}.Debug|Any CPU.ActiveCfg = Debug|Any CPU
		{2F4CCA2C-7F75-450B-9A9E-63B9A789BC49}.Debug|Any CPU.Build.0 = Debug|Any CPU
		{2F4CCA2C-7F75-450B-9A9E-63B9A789BC49}.Release|Any CPU.ActiveCfg = Release|Any CPU
		{2F4CCA2C-7F75-450B-9A9E-63B9A789BC49}.Release|Any CPU.Build.0 = Release|Any CPU
	EndGlobalSection
EndGlobal
